
Microsoft Visual Studio Solution File, Format Version 12.00
# Visual Studio Version 18
VisualStudioVersion = 18.3.11218.70
MinimumVisualStudioVersion = 10.0.40219.1
Project("{FAE04EC0-301F-11D3-BF4B-00C04F79EFBC}") = "Api", "src\Api\Api.csproj", "{40D175FF-A9FF-4917-8CB4-FBEB4893D292}"
EndProject
Project("{2150E333-8FDC-42A3-9474-1A3956D46DE8}") = "Solution Items", "Solution Items", "{8EC462FD-D22E-90A8-E5CE-7E832BA40C5D}"
	ProjectSection(SolutionItems) = preProject
		LICENSE.txt = LICENSE.txt
		nuget.config = nuget.config
		README.md = README.md
	EndProjectSection
EndProject
Project("{2150E333-8FDC-42A3-9474-1A3956D46DE8}") = "visual-studio-configurations", "visual-studio-configurations", "{02EA681E-C7D8-13C7-8484-4AC65E1B71E8}"
	ProjectSection(SolutionItems) = preProject
		.editorconfig = .editorconfig
		.vsconfig = .vsconfig
		aaa.snippet = aaa.snippet
	EndProjectSection
EndProject
Project("{2150E333-8FDC-42A3-9474-1A3956D46DE8}") = "github", "github", "{26EF9413-0093-49BC-92EC-FA0357E848DF}"
	ProjectSection(SolutionItems) = preProject
		.gitattributes = .gitattributes
		.gitignore = .gitignore
	EndProjectSection
EndProject
Project("{2150E333-8FDC-42A3-9474-1A3956D46DE8}") = "source-control", "source-control", "{F342C33B-0994-4ECE-A20B-B4B249D70326}"
EndProject
Project("{2150E333-8FDC-42A3-9474-1A3956D46DE8}") = "tests", "tests", "{D8AF9C8E-7C32-46E1-B61C-5D6AE8CFF964}"
	ProjectSection(SolutionItems) = preProject
		tests\Directory.Build.props = tests\Directory.Build.props
		tests\Directory.Packages.props = tests\Directory.Packages.props
	EndProjectSection
EndProject
Project("{2150E333-8FDC-42A3-9474-1A3956D46DE8}") = "src", "src", "{C7FA22FD-03B6-4D53-81A5-60BB115FC289}"
	ProjectSection(SolutionItems) = preProject
		src\Directory.Build.props = src\Directory.Build.props
		src\Directory.Packages.props = src\Directory.Packages.props
	EndProjectSection
EndProject
Project("{FAE04EC0-301F-11D3-BF4B-00C04F79EFBC}") = "TestShared", "tests\TestShared\TestShared.csproj", "{1D1BCA19-2AE3-C6D6-5704-8C15A0CD9EB0}"
EndProject
Project("{2150E333-8FDC-42A3-9474-1A3956D46DE8}") = "assets", "assets", "{0E98D451-37BF-4543-BDC0-4F769E283C5D}"
EndProject
Project("{FAE04EC0-301F-11D3-BF4B-00C04F79EFBC}") = "Sandbox", "tests\Sandbox\Sandbox.csproj", "{077784AF-279D-4641-8FA8-424F745F931B}"
EndProject
Project("{FAE04EC0-301F-11D3-BF4B-00C04F79EFBC}") = "Benchmarks", "tests\Benchmarks\Benchmarks.csproj", "{45B77133-156E-4A40-AF8F-C1A4BE0D7D71}"
EndProject
Project("{2150E333-8FDC-42A3-9474-1A3956D46DE8}") = "Kernel", "Kernel", "{EDFB1408-91BB-49D8-A983-DC958CDE9FB1}"
EndProject
Project("{FAE04EC0-301F-11D3-BF4B-00C04F79EFBC}") = "Kernel.Api", "src\Kernel\Kernel.Api\Kernel.Api.csproj", "{8EDD7C0B-40F4-9D06-B563-BFCC287422B3}"
EndProject
Project("{FAE04EC0-301F-11D3-BF4B-00C04F79EFBC}") = "Kernel.Infrastructure", "src\Kernel\Kernel.Infrastructure\Kernel.Infrastructure.csproj", "{40A2C328-BB39-F0C6-2102-D4DEA87B8236}"
EndProject
Project("{FAE04EC0-301F-11D3-BF4B-00C04F79EFBC}") = "Kernel.Data", "src\Kernel\Domain.Kernel\Kernel.Data.csproj", "{70766927-62C1-42A3-9E95-0041DF7DD93F}"
EndProject
Project("{FAE04EC0-301F-11D3-BF4B-00C04F79EFBC}") = "Data", "src\Data\Data.csproj", "{59CCD1C7-D1F0-4605-A107-1526FFDD48AC}"
EndProject
Project("{FAE04EC0-301F-11D3-BF4B-00C04F79EFBC}") = "Application", "src\Application\Application.csproj", "{93C51DAD-E98A-434F-AE63-CF05A847C100}"
EndProject
Project("{FAE04EC0-301F-11D3-BF4B-00C04F79EFBC}") = "Assets", "assets\Assets\Assets.csproj", "{4B5844CD-6885-49C0-BD4A-A29134343248}"
EndProject
Project("{2150E333-8FDC-42A3-9474-1A3956D46DE8}") = "KernelTests", "KernelTests", "{B8FF755C-426D-46F7-906B-98B26A4FC7D3}"
EndProject
Project("{2150E333-8FDC-42A3-9474-1A3956D46DE8}") = "ApplicationTests", "ApplicationTests", "{DD710401-3AF7-422B-AB0A-CBBF726AAA94}"
EndProject
Project("{FAE04EC0-301F-11D3-BF4B-00C04F79EFBC}") = "Kernel.Api.Unit.Tests", "tests\KernelTests\Kernel.Api.Unit.Tests\Kernel.Api.Unit.Tests.csproj", "{E0B7EE70-1AAB-43C1-C05C-EDE2E7112765}"
EndProject
Project("{FAE04EC0-301F-11D3-BF4B-00C04F79EFBC}") = "Kernel.Infrastructure.Unit.Tests", "tests\KernelTests\Kernel.Infrastructure.Unit.Tests\Kernel.Infrastructure.Unit.Tests.csproj", "{F75FC6FA-FF4E-CBA8-1B62-9777266DD073}"
EndProject
Project("{FAE04EC0-301F-11D3-BF4B-00C04F79EFBC}") = "Kernel.Integration.Tests", "tests\KernelTests\Kernel.Integration.Tests\Kernel.Integration.Tests.csproj", "{6997F05D-329D-B685-F6F6-EB5A4B506EA4}"
EndProject
Project("{FAE04EC0-301F-11D3-BF4B-00C04F79EFBC}") = "Kernel.Functional.Tests", "tests\KernelTests\Kernel.Functional.Tests\Kernel.Functional.Tests.csproj", "{1458ADDF-1D5D-480B-A9B7-49572E006A57}"
EndProject
Project("{FAE04EC0-301F-11D3-BF4B-00C04F79EFBC}") = "Api.Unit.Tests", "tests\ApplicationTests\Api.Unit.Tests\Api.Unit.Tests.csproj", "{2CA635B9-2389-E19E-F634-C0AD21699463}"
EndProject
Project("{FAE04EC0-301F-11D3-BF4B-00C04F79EFBC}") = "Application.Unit.Tests", "tests\ApplicationTests\Application.Tests\Application.Unit.Tests.csproj", "{6E9B5B4F-85E5-D0C5-50AE-98847DB50621}"
EndProject
Project("{FAE04EC0-301F-11D3-BF4B-00C04F79EFBC}") = "Functional.Tests", "tests\ApplicationTests\Functional.Tests\Functional.Tests.csproj", "{C788CB06-D2E4-FDFF-6081-F92C06F27A81}"
EndProject
Project("{FAE04EC0-301F-11D3-BF4B-00C04F79EFBC}") = "Integration.Tests", "tests\ApplicationTests\Integration.Tests\Integration.Tests.csproj", "{C985D7B0-D2CD-E592-5A67-5939059B37B7}"
EndProject
Global
	GlobalSection(SolutionConfigurationPlatforms) = preSolution
		Debug|Any CPU = Debug|Any CPU
		Release|Any CPU = Release|Any CPU
	EndGlobalSection
	GlobalSection(ProjectConfigurationPlatforms) = postSolution
		{40D175FF-A9FF-4917-8CB4-FBEB4893D292}.Debug|Any CPU.ActiveCfg = Debug|Any CPU
		{40D175FF-A9FF-4917-8CB4-FBEB4893D292}.Debug|Any CPU.Build.0 = Debug|Any CPU
		{40D175FF-A9FF-4917-8CB4-FBEB4893D292}.Release|Any CPU.ActiveCfg = Release|Any CPU
		{40D175FF-A9FF-4917-8CB4-FBEB4893D292}.Release|Any CPU.Build.0 = Release|Any CPU
		{1D1BCA19-2AE3-C6D6-5704-8C15A0CD9EB0}.Debug|Any CPU.ActiveCfg = Debug|Any CPU
		{1D1BCA19-2AE3-C6D6-5704-8C15A0CD9EB0}.Debug|Any CPU.Build.0 = Debug|Any CPU
		{1D1BCA19-2AE3-C6D6-5704-8C15A0CD9EB0}.Release|Any CPU.ActiveCfg = Release|Any CPU
		{1D1BCA19-2AE3-C6D6-5704-8C15A0CD9EB0}.Release|Any CPU.Build.0 = Release|Any CPU
		{077784AF-279D-4641-8FA8-424F745F931B}.Debug|Any CPU.ActiveCfg = Debug|Any CPU
		{077784AF-279D-4641-8FA8-424F745F931B}.Debug|Any CPU.Build.0 = Debug|Any CPU
		{077784AF-279D-4641-8FA8-424F745F931B}.Release|Any CPU.ActiveCfg = Release|Any CPU
		{077784AF-279D-4641-8FA8-424F745F931B}.Release|Any CPU.Build.0 = Release|Any CPU
		{45B77133-156E-4A40-AF8F-C1A4BE0D7D71}.Debug|Any CPU.ActiveCfg = Debug|Any CPU
		{45B77133-156E-4A40-AF8F-C1A4BE0D7D71}.Debug|Any CPU.Build.0 = Debug|Any CPU
		{45B77133-156E-4A40-AF8F-C1A4BE0D7D71}.Release|Any CPU.ActiveCfg = Release|Any CPU
		{45B77133-156E-4A40-AF8F-C1A4BE0D7D71}.Release|Any CPU.Build.0 = Release|Any CPU
		{8EDD7C0B-40F4-9D06-B563-BFCC287422B3}.Debug|Any CPU.ActiveCfg = Debug|Any CPU
		{8EDD7C0B-40F4-9D06-B563-BFCC287422B3}.Debug|Any CPU.Build.0 = Debug|Any CPU
		{8EDD7C0B-40F4-9D06-B563-BFCC287422B3}.Release|Any CPU.ActiveCfg = Release|Any CPU
		{8EDD7C0B-40F4-9D06-B563-BFCC287422B3}.Release|Any CPU.Build.0 = Release|Any CPU
		{40A2C328-BB39-F0C6-2102-D4DEA87B8236}.Debug|Any CPU.ActiveCfg = Debug|Any CPU
		{40A2C328-BB39-F0C6-2102-D4DEA87B8236}.Debug|Any CPU.Build.0 = Debug|Any CPU
		{40A2C328-BB39-F0C6-2102-D4DEA87B8236}.Release|Any CPU.ActiveCfg = Release|Any CPU
		{40A2C328-BB39-F0C6-2102-D4DEA87B8236}.Release|Any CPU.Build.0 = Release|Any CPU
		{70766927-62C1-42A3-9E95-0041DF7DD93F}.Debug|Any CPU.ActiveCfg = Debug|Any CPU
		{70766927-62C1-42A3-9E95-0041DF7DD93F}.Debug|Any CPU.Build.0 = Debug|Any CPU
		{70766927-62C1-42A3-9E95-0041DF7DD93F}.Release|Any CPU.ActiveCfg = Release|Any CPU
		{70766927-62C1-42A3-9E95-0041DF7DD93F}.Release|Any CPU.Build.0 = Release|Any CPU
		{59CCD1C7-D1F0-4605-A107-1526FFDD48AC}.Debug|Any CPU.ActiveCfg = Debug|Any CPU
		{59CCD1C7-D1F0-4605-A107-1526FFDD48AC}.Debug|Any CPU.Build.0 = Debug|Any CPU
		{59CCD1C7-D1F0-4605-A107-1526FFDD48AC}.Release|Any CPU.ActiveCfg = Release|Any CPU
		{59CCD1C7-D1F0-4605-A107-1526FFDD48AC}.Release|Any CPU.Build.0 = Release|Any CPU
		{93C51DAD-E98A-434F-AE63-CF05A847C100}.Debug|Any CPU.ActiveCfg = Debug|Any CPU
		{93C51DAD-E98A-434F-AE63-CF05A847C100}.Debug|Any CPU.Build.0 = Debug|Any CPU
		{93C51DAD-E98A-434F-AE63-CF05A847C100}.Release|Any CPU.ActiveCfg = Release|Any CPU
		{93C51DAD-E98A-434F-AE63-CF05A847C100}.Release|Any CPU.Build.0 = Release|Any CPU
		{4B5844CD-6885-49C0-BD4A-A29134343248}.Debug|Any CPU.ActiveCfg = Debug|Any CPU
		{4B5844CD-6885-49C0-BD4A-A29134343248}.Release|Any CPU.ActiveCfg = Release|Any CPU
		{E0B7EE70-1AAB-43C1-C05C-EDE2E7112765}.Debug|Any CPU.ActiveCfg = Debug|Any CPU
		{E0B7EE70-1AAB-43C1-C05C-EDE2E7112765}.Debug|Any CPU.Build.0 = Debug|Any CPU
		{E0B7EE70-1AAB-43C1-C05C-EDE2E7112765}.Release|Any CPU.ActiveCfg = Release|Any CPU
		{E0B7EE70-1AAB-43C1-C05C-EDE2E7112765}.Release|Any CPU.Build.0 = Release|Any CPU
		{F75FC6FA-FF4E-CBA8-1B62-9777266DD073}.Debug|Any CPU.ActiveCfg = Debug|Any CPU
		{F75FC6FA-FF4E-CBA8-1B62-9777266DD073}.Debug|Any CPU.Build.0 = Debug|Any CPU
		{F75FC6FA-FF4E-CBA8-1B62-9777266DD073}.Release|Any CPU.ActiveCfg = Release|Any CPU
		{F75FC6FA-FF4E-CBA8-1B62-9777266DD073}.Release|Any CPU.Build.0 = Release|Any CPU
		{6997F05D-329D-B685-F6F6-EB5A4B506EA4}.Debug|Any CPU.ActiveCfg = Debug|Any CPU
		{6997F05D-329D-B685-F6F6-EB5A4B506EA4}.Debug|Any CPU.Build.0 = Debug|Any CPU
		{6997F05D-329D-B685-F6F6-EB5A4B506EA4}.Release|Any CPU.ActiveCfg = Release|Any CPU
		{6997F05D-329D-B685-F6F6-EB5A4B506EA4}.Release|Any CPU.Build.0 = Release|Any CPU
		{1458ADDF-1D5D-480B-A9B7-49572E006A57}.Debug|Any CPU.ActiveCfg = Debug|Any CPU
		{1458ADDF-1D5D-480B-A9B7-49572E006A57}.Debug|Any CPU.Build.0 = Debug|Any CPU
		{1458ADDF-1D5D-480B-A9B7-49572E006A57}.Release|Any CPU.ActiveCfg = Release|Any CPU
		{1458ADDF-1D5D-480B-A9B7-49572E006A57}.Release|Any CPU.Build.0 = Release|Any CPU
		{2CA635B9-2389-E19E-F634-C0AD21699463}.Debug|Any CPU.ActiveCfg = Debug|Any CPU
		{2CA635B9-2389-E19E-F634-C0AD21699463}.Debug|Any CPU.Build.0 = Debug|Any CPU
		{2CA635B9-2389-E19E-F634-C0AD21699463}.Release|Any CPU.ActiveCfg = Release|Any CPU
		{2CA635B9-2389-E19E-F634-C0AD21699463}.Release|Any CPU.Build.0 = Release|Any CPU
		{6E9B5B4F-85E5-D0C5-50AE-98847DB50621}.Debug|Any CPU.ActiveCfg = Debug|Any CPU
		{6E9B5B4F-85E5-D0C5-50AE-98847DB50621}.Debug|Any CPU.Build.0 = Debug|Any CPU
		{6E9B5B4F-85E5-D0C5-50AE-98847DB50621}.Release|Any CPU.ActiveCfg = Release|Any CPU
		{6E9B5B4F-85E5-D0C5-50AE-98847DB50621}.Release|Any CPU.Build.0 = Release|Any CPU
		{C788CB06-D2E4-FDFF-6081-F92C06F27A81}.Debug|Any CPU.ActiveCfg = Debug|Any CPU
		{C788CB06-D2E4-FDFF-6081-F92C06F27A81}.Debug|Any CPU.Build.0 = Debug|Any CPU
		{C788CB06-D2E4-FDFF-6081-F92C06F27A81}.Release|Any CPU.ActiveCfg = Release|Any CPU
		{C788CB06-D2E4-FDFF-6081-F92C06F27A81}.Release|Any CPU.Build.0 = Release|Any CPU
		{C985D7B0-D2CD-E592-5A67-5939059B37B7}.Debug|Any CPU.ActiveCfg = Debug|Any CPU
		{C985D7B0-D2CD-E592-5A67-5939059B37B7}.Debug|Any CPU.Build.0 = Debug|Any CPU
		{C985D7B0-D2CD-E592-5A67-5939059B37B7}.Release|Any CPU.ActiveCfg = Release|Any CPU
		{C985D7B0-D2CD-E592-5A67-5939059B37B7}.Release|Any CPU.Build.0 = Release|Any CPU
	EndGlobalSection
	GlobalSection(SolutionProperties) = preSolution
		HideSolutionNode = FALSE
	EndGlobalSection
	GlobalSection(NestedProjects) = preSolution
		{40D175FF-A9FF-4917-8CB4-FBEB4893D292} = {C7FA22FD-03B6-4D53-81A5-60BB115FC289}
		{02EA681E-C7D8-13C7-8484-4AC65E1B71E8} = {8EC462FD-D22E-90A8-E5CE-7E832BA40C5D}
		{26EF9413-0093-49BC-92EC-FA0357E848DF} = {F342C33B-0994-4ECE-A20B-B4B249D70326}
		{F342C33B-0994-4ECE-A20B-B4B249D70326} = {8EC462FD-D22E-90A8-E5CE-7E832BA40C5D}
		{1D1BCA19-2AE3-C6D6-5704-8C15A0CD9EB0} = {D8AF9C8E-7C32-46E1-B61C-5D6AE8CFF964}
		{077784AF-279D-4641-8FA8-424F745F931B} = {D8AF9C8E-7C32-46E1-B61C-5D6AE8CFF964}
		{45B77133-156E-4A40-AF8F-C1A4BE0D7D71} = {D8AF9C8E-7C32-46E1-B61C-5D6AE8CFF964}
		{EDFB1408-91BB-49D8-A983-DC958CDE9FB1} = {C7FA22FD-03B6-4D53-81A5-60BB115FC289}
		{8EDD7C0B-40F4-9D06-B563-BFCC287422B3} = {EDFB1408-91BB-49D8-A983-DC958CDE9FB1}
		{40A2C328-BB39-F0C6-2102-D4DEA87B8236} = {EDFB1408-91BB-49D8-A983-DC958CDE9FB1}
		{70766927-62C1-42A3-9E95-0041DF7DD93F} = {EDFB1408-91BB-49D8-A983-DC958CDE9FB1}
		{59CCD1C7-D1F0-4605-A107-1526FFDD48AC} = {C7FA22FD-03B6-4D53-81A5-60BB115FC289}
		{93C51DAD-E98A-434F-AE63-CF05A847C100} = {C7FA22FD-03B6-4D53-81A5-60BB115FC289}
		{4B5844CD-6885-49C0-BD4A-A29134343248} = {0E98D451-37BF-4543-BDC0-4F769E283C5D}
		{B8FF755C-426D-46F7-906B-98B26A4FC7D3} = {D8AF9C8E-7C32-46E1-B61C-5D6AE8CFF964}
		{DD710401-3AF7-422B-AB0A-CBBF726AAA94} = {D8AF9C8E-7C32-46E1-B61C-5D6AE8CFF964}
		{E0B7EE70-1AAB-43C1-C05C-EDE2E7112765} = {B8FF755C-426D-46F7-906B-98B26A4FC7D3}
		{F75FC6FA-FF4E-CBA8-1B62-9777266DD073} = {B8FF755C-426D-46F7-906B-98B26A4FC7D3}
		{6997F05D-329D-B685-F6F6-EB5A4B506EA4} = {B8FF755C-426D-46F7-906B-98B26A4FC7D3}
		{1458ADDF-1D5D-480B-A9B7-49572E006A57} = {B8FF755C-426D-46F7-906B-98B26A4FC7D3}
		{2CA635B9-2389-E19E-F634-C0AD21699463} = {DD710401-3AF7-422B-AB0A-CBBF726AAA94}
		{6E9B5B4F-85E5-D0C5-50AE-98847DB50621} = {DD710401-3AF7-422B-AB0A-CBBF726AAA94}
		{C788CB06-D2E4-FDFF-6081-F92C06F27A81} = {DD710401-3AF7-422B-AB0A-CBBF726AAA94}
		{C985D7B0-D2CD-E592-5A67-5939059B37B7} = {DD710401-3AF7-422B-AB0A-CBBF726AAA94}
	EndGlobalSection
	GlobalSection(ExtensibilityGlobals) = postSolution
		SolutionGuid = {F4EF7FE6-B6E9-4EA7-AF55-19BA13EFAA77}
	EndGlobalSection
EndGlobal
